
Microsoft Visual Studio Solution File, Format Version 9.00
# Visual Studio 2005
Project("{FAE04EC0-301F-11D3-BF4B-00C04F79EFBC}") = "MediaDB", "MediaDB\MediaDB.csproj", "{FEC9CE5A-65CA-42B8-A0C4-ECE3FBB166B7}"
EndProject
Global
	GlobalSection(SolutionConfigurationPlatforms) = preSolution
		Debug|x86 = Debug|x86
		DebugLinux|x86 = DebugLinux|x86
		Release|x86 = Release|x86
		ReleaseLinux|x86 = ReleaseLinux|x86
	EndGlobalSection
	GlobalSection(ProjectConfigurationPlatforms) = postSolution
		{FEC9CE5A-65CA-42B8-A0C4-ECE3FBB166B7}.Debug|x86.ActiveCfg = Debug|x86
		{FEC9CE5A-65CA-42B8-A0C4-ECE3FBB166B7}.Debug|x86.Build.0 = Debug|x86
		{FEC9CE5A-65CA-42B8-A0C4-ECE3FBB166B7}.DebugLinux|x86.ActiveCfg = DebugLinux|x86
		{FEC9CE5A-65CA-42B8-A0C4-ECE3FBB166B7}.DebugLinux|x86.Build.0 = DebugLinux|x86
		{FEC9CE5A-65CA-42B8-A0C4-ECE3FBB166B7}.Release|x86.ActiveCfg = Release|x86
		{FEC9CE5A-65CA-42B8-A0C4-ECE3FBB166B7}.Release|x86.Build.0 = Release|x86
		{FEC9CE5A-65CA-42B8-A0C4-ECE3FBB166B7}.ReleaseLinux|x86.ActiveCfg = ReleaseLinux|x86
		{FEC9CE5A-65CA-42B8-A0C4-ECE3FBB166B7}.ReleaseLinux|x86.Build.0 = ReleaseLinux|x86
	EndGlobalSection
	GlobalSection(MonoDevelopProperties) = preSolution
		StartupItem = MediaDB\MediaDB.csproj
		Policies = $0
		$0.TextStylePolicy = $1
		$1.TabWidth = 2
		$1.RemoveTrailingWhitespace = True
		$1.inheritsSet = Mono
		$1.inheritsScope = text/plain
		$1.scope = text/x-csharp
		$0.CSharpFormattingPolicy = $2
		$2.IndentSwitchBody = True
		$2.inheritsSet = Mono
		$2.inheritsScope = text/x-csharp
		$2.scope = text/x-csharp
		$0.TextStylePolicy = $3
		$3.TabWidth = 2
		$3.RemoveTrailingWhitespace = True
		$3.inheritsSet = Mono
		$3.inheritsScope = text/plain
		$3.scope = text/plain
		$0.VersionControlPolicy = $4
		$4.inheritsSet = Mono
		$0.ChangeLogPolicy = $5
		$5.UpdateMode = Nearest
		$5.MessageStyle = $6
		$6.LineAlign = 0
		$5.inheritsSet = Mono
		$0.DotNetNamingPolicy = $7
		$7.DirectoryNamespaceAssociation = None
		$7.ResourceNamePolicy = FileFormatDefault
		$0.StandardHeader = $8
		$8.Text = @/* $filename\r\n *\r\n * Copyright (C) 2010  $username\r\n *\r\n * This library is free software: you can redistribute it and/or modify\r\n * it under the terms of the GNU Lesser General Public License as published by\r\n * the Free Software Foundation, either version 3 of the License, or\r\n * (at your option) any later version.\r\n *\r\n * This library is distributed in the hope that it will be useful,\r\n * but WITHOUT ANY WARRANTY; without even the implied warranty of\r\n * MERCHANTABILITY or FITNESS FOR A PARTICULAR PURPOSE.  See the\r\n * GNU Lesser General Public License for more details.\r\n *\r\n * You should have received a copy of the GNU Lesser General Public License\r\n * along with this library.  If not, see <http://www.gnu.org/licenses/>.\r\n *\r\n * Author:\r\n * \t$username <$email>\r\n */
		$8.inheritsSet = MITX11License
	EndGlobalSection
	GlobalSection(SolutionProperties) = preSolution
		HideSolutionNode = FALSE
	EndGlobalSection
EndGlobal
